// !$*UTF8*$!
{
	archiveVersion = 1;
	classes = {
	};
	objectVersion = 55;
	objects = {

/* Begin PBXBuildFile section */
		B67749F828C4D43200B94B7C /* obeyorpayApp.swift in Sources */ = {isa = PBXBuildFile; fileRef = B67749F728C4D43200B94B7C /* obeyorpayApp.swift */; };
		B67749FA28C4D43200B94B7C /* ContentView.swift in Sources */ = {isa = PBXBuildFile; fileRef = B67749F928C4D43200B94B7C /* ContentView.swift */; };
		B67749FC28C4D43400B94B7C /* Assets.xcassets in Resources */ = {isa = PBXBuildFile; fileRef = B67749FB28C4D43400B94B7C /* Assets.xcassets */; };
		B67749FF28C4D43400B94B7C /* Preview Assets.xcassets in Resources */ = {isa = PBXBuildFile; fileRef = B67749FE28C4D43400B94B7C /* Preview Assets.xcassets */; };
		B6774A0128C4D43400B94B7C /* Persistence.swift in Sources */ = {isa = PBXBuildFile; fileRef = B6774A0028C4D43400B94B7C /* Persistence.swift */; };
		B6774A0428C4D43400B94B7C /* obeyorpay.xcdatamodeld in Sources */ = {isa = PBXBuildFile; fileRef = B6774A0228C4D43400B94B7C /* obeyorpay.xcdatamodeld */; };
		B6774A0B28C4DB4800B94B7C /* AppTabView.swift in Sources */ = {isa = PBXBuildFile; fileRef = B6774A0A28C4DB4800B94B7C /* AppTabView.swift */; };
		B6774A0D28C4DBBB00B94B7C /* TasksView.swift in Sources */ = {isa = PBXBuildFile; fileRef = B6774A0C28C4DBBB00B94B7C /* TasksView.swift */; };
		B6774A0F28C4DECF00B94B7C /* TasksTypeView.swift in Sources */ = {isa = PBXBuildFile; fileRef = B6774A0E28C4DECF00B94B7C /* TasksTypeView.swift */; };
		B6774A1328C4E46900B94B7C /* MainView.swift in Sources */ = {isa = PBXBuildFile; fileRef = B6774A1228C4E46900B94B7C /* MainView.swift */; };
		B6774A1528C4E89800B94B7C /* TaskTypes.swift in Sources */ = {isa = PBXBuildFile; fileRef = B6774A1428C4E89800B94B7C /* TaskTypes.swift */; };
		B6774A1728C4EBCF00B94B7C /* TaskView.swift in Sources */ = {isa = PBXBuildFile; fileRef = B6774A1628C4EBCF00B94B7C /* TaskView.swift */; };
		B6774A1928C4EBDE00B94B7C /* TasksListView.swift in Sources */ = {isa = PBXBuildFile; fileRef = B6774A1828C4EBDE00B94B7C /* TasksListView.swift */; };
		B6774A1B28C4EC4300B94B7C /* TasksDataModel.swift in Sources */ = {isa = PBXBuildFile; fileRef = B6774A1A28C4EC4300B94B7C /* TasksDataModel.swift */; };
		B6774A1D28C4EC9200B94B7C /* TaskModel.swift in Sources */ = {isa = PBXBuildFile; fileRef = B6774A1C28C4EC9200B94B7C /* TaskModel.swift */; };
		B6774A2428C5141A00B94B7C /* TaskEditingView.swift in Sources */ = {isa = PBXBuildFile; fileRef = B6774A2328C5141A00B94B7C /* TaskEditingView.swift */; };
		B6774A2A28C5183D00B94B7C /* PopupView.swift in Sources */ = {isa = PBXBuildFile; fileRef = B6774A2928C5183D00B94B7C /* PopupView.swift */; };
		B6774A4328C5468200B94B7C /* SignInView.swift in Sources */ = {isa = PBXBuildFile; fileRef = B6774A4228C5468200B94B7C /* SignInView.swift */; };
		B6774A4928C54D5200B94B7C /* AccountModel.swift in Sources */ = {isa = PBXBuildFile; fileRef = B6774A4828C54D5200B94B7C /* AccountModel.swift */; };
		B6774A4B28C61A1D00B94B7C /* SettingsView.swift in Sources */ = {isa = PBXBuildFile; fileRef = B6774A4A28C61A1D00B94B7C /* SettingsView.swift */; };
		B6D0BD1B28C6542200B0946D /* CloudKit.framework in Frameworks */ = {isa = PBXBuildFile; fileRef = B6D0BD1A28C6542200B0946D /* CloudKit.framework */; };
		B6D0BD1E28C6AE1300B0946D /* UserModel.swift in Sources */ = {isa = PBXBuildFile; fileRef = B6D0BD1D28C6AE1300B0946D /* UserModel.swift */; };
		B6D0BD2028C6B54900B0946D /* EntryModel.swift in Sources */ = {isa = PBXBuildFile; fileRef = B6D0BD1F28C6B54900B0946D /* EntryModel.swift */; };
		B6D0BD2228C6B7FB00B0946D /* EvaluationModel.swift in Sources */ = {isa = PBXBuildFile; fileRef = B6D0BD2128C6B7FB00B0946D /* EvaluationModel.swift */; };
		B6D0BD2428C6B91800B0946D /* PaymentModel.swift in Sources */ = {isa = PBXBuildFile; fileRef = B6D0BD2328C6B91800B0946D /* PaymentModel.swift */; };
		B6D0BD2628C6C09E00B0946D /* SignedInUserModel.swift in Sources */ = {isa = PBXBuildFile; fileRef = B6D0BD2528C6C09E00B0946D /* SignedInUserModel.swift */; };
		B6D0BD2A28C6C50300B0946D /* CKDataModel.swift in Sources */ = {isa = PBXBuildFile; fileRef = B6D0BD2928C6C50300B0946D /* CKDataModel.swift */; };
		B6D0BD2F28C6D1E700B0946D /* CKDataAccountModel.swift in Sources */ = {isa = PBXBuildFile; fileRef = B6D0BD2E28C6D1E700B0946D /* CKDataAccountModel.swift */; };
		B6D0BD3128C6D29B00B0946D /* CKDataUserModel.swift in Sources */ = {isa = PBXBuildFile; fileRef = B6D0BD3028C6D29B00B0946D /* CKDataUserModel.swift */; };
		B6D0BD3528C7036400B0946D /* SignInAppleModel.swift in Sources */ = {isa = PBXBuildFile; fileRef = B6D0BD3428C7036400B0946D /* SignInAppleModel.swift */; };
		B6D0BD3728C7931500B0946D /* globals.swift in Sources */ = {isa = PBXBuildFile; fileRef = B6D0BD3628C7931500B0946D /* globals.swift */; };
		B6D0BD3928C7943F00B0946D /* UsernameSettingsModel.swift in Sources */ = {isa = PBXBuildFile; fileRef = B6D0BD3828C7943F00B0946D /* UsernameSettingsModel.swift */; };
		B6D0BD3B28C79C3500B0946D /* SettingsEditingView.swift in Sources */ = {isa = PBXBuildFile; fileRef = B6D0BD3A28C79C3500B0946D /* SettingsEditingView.swift */; };
		B6D0BD3E28C7E3AE00B0946D /* AddTaskView.swift in Sources */ = {isa = PBXBuildFile; fileRef = B6D0BD3D28C7E3AE00B0946D /* AddTaskView.swift */; };
/* End PBXBuildFile section */

/* Begin PBXFileReference section */
		B67749F428C4D43200B94B7C /* obeyorpay.app */ = {isa = PBXFileReference; explicitFileType = wrapper.application; includeInIndex = 0; path = obeyorpay.app; sourceTree = BUILT_PRODUCTS_DIR; };
		B67749F728C4D43200B94B7C /* obeyorpayApp.swift */ = {isa = PBXFileReference; lastKnownFileType = sourcecode.swift; path = obeyorpayApp.swift; sourceTree = "<group>"; };
		B67749F928C4D43200B94B7C /* ContentView.swift */ = {isa = PBXFileReference; lastKnownFileType = sourcecode.swift; path = ContentView.swift; sourceTree = "<group>"; };
		B67749FB28C4D43400B94B7C /* Assets.xcassets */ = {isa = PBXFileReference; lastKnownFileType = folder.assetcatalog; path = Assets.xcassets; sourceTree = "<group>"; };
		B67749FE28C4D43400B94B7C /* Preview Assets.xcassets */ = {isa = PBXFileReference; lastKnownFileType = folder.assetcatalog; path = "Preview Assets.xcassets"; sourceTree = "<group>"; };
		B6774A0028C4D43400B94B7C /* Persistence.swift */ = {isa = PBXFileReference; lastKnownFileType = sourcecode.swift; path = Persistence.swift; sourceTree = "<group>"; };
		B6774A0328C4D43400B94B7C /* obeyorpay.xcdatamodel */ = {isa = PBXFileReference; lastKnownFileType = wrapper.xcdatamodel; path = obeyorpay.xcdatamodel; sourceTree = "<group>"; };
		B6774A0A28C4DB4800B94B7C /* AppTabView.swift */ = {isa = PBXFileReference; lastKnownFileType = sourcecode.swift; path = AppTabView.swift; sourceTree = "<group>"; };
		B6774A0C28C4DBBB00B94B7C /* TasksView.swift */ = {isa = PBXFileReference; lastKnownFileType = sourcecode.swift; path = TasksView.swift; sourceTree = "<group>"; };
		B6774A0E28C4DECF00B94B7C /* TasksTypeView.swift */ = {isa = PBXFileReference; lastKnownFileType = sourcecode.swift; path = TasksTypeView.swift; sourceTree = "<group>"; };
		B6774A1228C4E46900B94B7C /* MainView.swift */ = {isa = PBXFileReference; lastKnownFileType = sourcecode.swift; path = MainView.swift; sourceTree = "<group>"; };
		B6774A1428C4E89800B94B7C /* TaskTypes.swift */ = {isa = PBXFileReference; lastKnownFileType = sourcecode.swift; path = TaskTypes.swift; sourceTree = "<group>"; };
		B6774A1628C4EBCF00B94B7C /* TaskView.swift */ = {isa = PBXFileReference; lastKnownFileType = sourcecode.swift; path = TaskView.swift; sourceTree = "<group>"; };
		B6774A1828C4EBDE00B94B7C /* TasksListView.swift */ = {isa = PBXFileReference; lastKnownFileType = sourcecode.swift; path = TasksListView.swift; sourceTree = "<group>"; };
		B6774A1A28C4EC4300B94B7C /* TasksDataModel.swift */ = {isa = PBXFileReference; lastKnownFileType = sourcecode.swift; path = TasksDataModel.swift; sourceTree = "<group>"; };
		B6774A1C28C4EC9200B94B7C /* TaskModel.swift */ = {isa = PBXFileReference; lastKnownFileType = sourcecode.swift; path = TaskModel.swift; sourceTree = "<group>"; };
		B6774A2328C5141A00B94B7C /* TaskEditingView.swift */ = {isa = PBXFileReference; lastKnownFileType = sourcecode.swift; path = TaskEditingView.swift; sourceTree = "<group>"; };
		B6774A2928C5183D00B94B7C /* PopupView.swift */ = {isa = PBXFileReference; lastKnownFileType = sourcecode.swift; path = PopupView.swift; sourceTree = "<group>"; };
		B6774A4228C5468200B94B7C /* SignInView.swift */ = {isa = PBXFileReference; lastKnownFileType = sourcecode.swift; path = SignInView.swift; sourceTree = "<group>"; };
		B6774A4828C54D5200B94B7C /* AccountModel.swift */ = {isa = PBXFileReference; lastKnownFileType = sourcecode.swift; path = AccountModel.swift; sourceTree = "<group>"; };
		B6774A4A28C61A1D00B94B7C /* SettingsView.swift */ = {isa = PBXFileReference; lastKnownFileType = sourcecode.swift; path = SettingsView.swift; sourceTree = "<group>"; };
		B6D0BD1628C64EBC00B0946D /* obeyorpay.entitlements */ = {isa = PBXFileReference; lastKnownFileType = text.plist.entitlements; path = obeyorpay.entitlements; sourceTree = "<group>"; };
		B6D0BD1A28C6542200B0946D /* CloudKit.framework */ = {isa = PBXFileReference; lastKnownFileType = wrapper.framework; name = CloudKit.framework; path = System/Library/Frameworks/CloudKit.framework; sourceTree = SDKROOT; };
		B6D0BD1D28C6AE1300B0946D /* UserModel.swift */ = {isa = PBXFileReference; lastKnownFileType = sourcecode.swift; path = UserModel.swift; sourceTree = "<group>"; };
		B6D0BD1F28C6B54900B0946D /* EntryModel.swift */ = {isa = PBXFileReference; lastKnownFileType = sourcecode.swift; path = EntryModel.swift; sourceTree = "<group>"; };
		B6D0BD2128C6B7FB00B0946D /* EvaluationModel.swift */ = {isa = PBXFileReference; lastKnownFileType = sourcecode.swift; path = EvaluationModel.swift; sourceTree = "<group>"; };
		B6D0BD2328C6B91800B0946D /* PaymentModel.swift */ = {isa = PBXFileReference; lastKnownFileType = sourcecode.swift; path = PaymentModel.swift; sourceTree = "<group>"; };
		B6D0BD2528C6C09E00B0946D /* SignedInUserModel.swift */ = {isa = PBXFileReference; lastKnownFileType = sourcecode.swift; path = SignedInUserModel.swift; sourceTree = "<group>"; };
		B6D0BD2928C6C50300B0946D /* CKDataModel.swift */ = {isa = PBXFileReference; lastKnownFileType = sourcecode.swift; path = CKDataModel.swift; sourceTree = "<group>"; };
		B6D0BD2E28C6D1E700B0946D /* CKDataAccountModel.swift */ = {isa = PBXFileReference; lastKnownFileType = sourcecode.swift; path = CKDataAccountModel.swift; sourceTree = "<group>"; };
		B6D0BD3028C6D29B00B0946D /* CKDataUserModel.swift */ = {isa = PBXFileReference; lastKnownFileType = sourcecode.swift; path = CKDataUserModel.swift; sourceTree = "<group>"; };
		B6D0BD3428C7036400B0946D /* SignInAppleModel.swift */ = {isa = PBXFileReference; lastKnownFileType = sourcecode.swift; path = SignInAppleModel.swift; sourceTree = "<group>"; };
		B6D0BD3628C7931500B0946D /* globals.swift */ = {isa = PBXFileReference; lastKnownFileType = sourcecode.swift; path = globals.swift; sourceTree = "<group>"; };
		B6D0BD3828C7943F00B0946D /* UsernameSettingsModel.swift */ = {isa = PBXFileReference; lastKnownFileType = sourcecode.swift; path = UsernameSettingsModel.swift; sourceTree = "<group>"; };
		B6D0BD3A28C79C3500B0946D /* SettingsEditingView.swift */ = {isa = PBXFileReference; lastKnownFileType = sourcecode.swift; path = SettingsEditingView.swift; sourceTree = "<group>"; };
		B6D0BD3D28C7E3AE00B0946D /* AddTaskView.swift */ = {isa = PBXFileReference; lastKnownFileType = sourcecode.swift; path = AddTaskView.swift; sourceTree = "<group>"; };
/* End PBXFileReference section */

/* Begin PBXFrameworksBuildPhase section */
		B67749F128C4D43200B94B7C /* Frameworks */ = {
			isa = PBXFrameworksBuildPhase;
			buildActionMask = 2147483647;
			files = (
				B6D0BD1B28C6542200B0946D /* CloudKit.framework in Frameworks */,
			);
			runOnlyForDeploymentPostprocessing = 0;
		};
/* End PBXFrameworksBuildPhase section */

/* Begin PBXGroup section */
		B67749EB28C4D43200B94B7C = {
			isa = PBXGroup;
			children = (
				B67749F628C4D43200B94B7C /* obeyorpay */,
				B67749F528C4D43200B94B7C /* Products */,
				B6D0BD1928C6542200B0946D /* Frameworks */,
			);
			sourceTree = "<group>";
		};
		B67749F528C4D43200B94B7C /* Products */ = {
			isa = PBXGroup;
			children = (
				B67749F428C4D43200B94B7C /* obeyorpay.app */,
			);
			name = Products;
			sourceTree = "<group>";
		};
		B67749F628C4D43200B94B7C /* obeyorpay */ = {
			isa = PBXGroup;
			children = (
				B6D0BD1628C64EBC00B0946D /* obeyorpay.entitlements */,
				B67749F728C4D43200B94B7C /* obeyorpayApp.swift */,
				B6774A2928C5183D00B94B7C /* PopupView.swift */,
				B6774A1E28C4EDAF00B94B7C /* views */,
				B6774A1F28C4EDB800B94B7C /* models */,
				B67749FB28C4D43400B94B7C /* Assets.xcassets */,
				B6774A0028C4D43400B94B7C /* Persistence.swift */,
				B6774A0228C4D43400B94B7C /* obeyorpay.xcdatamodeld */,
				B67749FD28C4D43400B94B7C /* Preview Content */,
			);
			path = obeyorpay;
			sourceTree = "<group>";
		};
		B67749FD28C4D43400B94B7C /* Preview Content */ = {
			isa = PBXGroup;
			children = (
				B67749FE28C4D43400B94B7C /* Preview Assets.xcassets */,
			);
			path = "Preview Content";
			sourceTree = "<group>";
		};
		B6774A1E28C4EDAF00B94B7C /* views */ = {
			isa = PBXGroup;
			children = (
				B67749F928C4D43200B94B7C /* ContentView.swift */,
				B6774A4228C5468200B94B7C /* SignInView.swift */,
				B6774A1228C4E46900B94B7C /* MainView.swift */,
				B6774A4C28C61A3800B94B7C /* MainView components */,
			);
			path = views;
			sourceTree = "<group>";
		};
		B6774A1F28C4EDB800B94B7C /* models */ = {
			isa = PBXGroup;
			children = (
				B6D0BD2D28C6D12C00B0946D /* database */,
				B6D0BD1C28C6A5BC00B0946D /* record types */,
				B6D0BD1728C6514E00B0946D /* users */,
				B6D0BD1828C6515900B0946D /* tasks */,
				B6D0BD3628C7931500B0946D /* globals.swift */,
				B6D0BD3828C7943F00B0946D /* UsernameSettingsModel.swift */,
			);
			path = models;
			sourceTree = "<group>";
		};
		B6774A2128C4F3A500B94B7C /* TasksView components */ = {
			isa = PBXGroup;
			children = (
				B6774A0E28C4DECF00B94B7C /* TasksTypeView.swift */,
				B6D0BD3D28C7E3AE00B0946D /* AddTaskView.swift */,
				B6774A1828C4EBDE00B94B7C /* TasksListView.swift */,
				B6774A2328C5141A00B94B7C /* TaskEditingView.swift */,
				B6774A2228C4F3C200B94B7C /* TaskListView components */,
			);
			path = "TasksView components";
			sourceTree = "<group>";
		};
		B6774A2228C4F3C200B94B7C /* TaskListView components */ = {
			isa = PBXGroup;
			children = (
				B6774A1628C4EBCF00B94B7C /* TaskView.swift */,
			);
			path = "TaskListView components";
			sourceTree = "<group>";
		};
		B6774A4C28C61A3800B94B7C /* MainView components */ = {
			isa = PBXGroup;
			children = (
				B6774A0A28C4DB4800B94B7C /* AppTabView.swift */,
				B6774A4A28C61A1D00B94B7C /* SettingsView.swift */,
				B6774A0C28C4DBBB00B94B7C /* TasksView.swift */,
				B6D0BD3C28C79CA500B0946D /* SettingsView components */,
				B6774A2128C4F3A500B94B7C /* TasksView components */,
			);
			path = "MainView components";
			sourceTree = "<group>";
		};
		B6D0BD1728C6514E00B0946D /* users */ = {
			isa = PBXGroup;
			children = (
				B6D0BD2528C6C09E00B0946D /* SignedInUserModel.swift */,
				B6D0BD3428C7036400B0946D /* SignInAppleModel.swift */,
			);
			path = users;
			sourceTree = "<group>";
		};
		B6D0BD1828C6515900B0946D /* tasks */ = {
			isa = PBXGroup;
			children = (
				B6774A1428C4E89800B94B7C /* TaskTypes.swift */,
				B6774A1A28C4EC4300B94B7C /* TasksDataModel.swift */,
			);
			path = tasks;
			sourceTree = "<group>";
		};
		B6D0BD1928C6542200B0946D /* Frameworks */ = {
			isa = PBXGroup;
			children = (
				B6D0BD1A28C6542200B0946D /* CloudKit.framework */,
			);
			name = Frameworks;
			sourceTree = "<group>";
		};
		B6D0BD1C28C6A5BC00B0946D /* record types */ = {
			isa = PBXGroup;
			children = (
				B6D0BD1D28C6AE1300B0946D /* UserModel.swift */,
				B6774A4828C54D5200B94B7C /* AccountModel.swift */,
				B6D0BD1F28C6B54900B0946D /* EntryModel.swift */,
				B6D0BD2128C6B7FB00B0946D /* EvaluationModel.swift */,
				B6D0BD2328C6B91800B0946D /* PaymentModel.swift */,
				B6774A1C28C4EC9200B94B7C /* TaskModel.swift */,
			);
			path = "record types";
			sourceTree = "<group>";
		};
		B6D0BD2D28C6D12C00B0946D /* database */ = {
			isa = PBXGroup;
			children = (
				B6D0BD2928C6C50300B0946D /* CKDataModel.swift */,
				B6D0BD2E28C6D1E700B0946D /* CKDataAccountModel.swift */,
				B6D0BD3028C6D29B00B0946D /* CKDataUserModel.swift */,
			);
			path = database;
			sourceTree = "<group>";
		};
		B6D0BD3C28C79CA500B0946D /* SettingsView components */ = {
			isa = PBXGroup;
			children = (
				B6D0BD3A28C79C3500B0946D /* SettingsEditingView.swift */,
			);
			path = "SettingsView components";
			sourceTree = "<group>";
		};
/* End PBXGroup section */

/* Begin PBXNativeTarget section */
		B67749F328C4D43200B94B7C /* obeyorpay */ = {
			isa = PBXNativeTarget;
			buildConfigurationList = B6774A0728C4D43400B94B7C /* Build configuration list for PBXNativeTarget "obeyorpay" */;
			buildPhases = (
				B67749F028C4D43200B94B7C /* Sources */,
				B67749F128C4D43200B94B7C /* Frameworks */,
				B67749F228C4D43200B94B7C /* Resources */,
			);
			buildRules = (
			);
			dependencies = (
			);
			name = obeyorpay;
			packageProductDependencies = (
			);
			productName = obeyorpay;
			productReference = B67749F428C4D43200B94B7C /* obeyorpay.app */;
			productType = "com.apple.product-type.application";
		};
/* End PBXNativeTarget section */

/* Begin PBXProject section */
		B67749EC28C4D43200B94B7C /* Project object */ = {
			isa = PBXProject;
			attributes = {
				BuildIndependentTargetsInParallel = 1;
				LastSwiftUpdateCheck = 1340;
				LastUpgradeCheck = 1340;
				TargetAttributes = {
					B67749F328C4D43200B94B7C = {
						CreatedOnToolsVersion = 13.4.1;
					};
				};
			};
			buildConfigurationList = B67749EF28C4D43200B94B7C /* Build configuration list for PBXProject "obeyorpay" */;
			compatibilityVersion = "Xcode 13.0";
			developmentRegion = en;
			hasScannedForEncodings = 0;
			knownRegions = (
				en,
				Base,
			);
			mainGroup = B67749EB28C4D43200B94B7C;
			packageReferences = (
			);
			productRefGroup = B67749F528C4D43200B94B7C /* Products */;
			projectDirPath = "";
			projectRoot = "";
			targets = (
				B67749F328C4D43200B94B7C /* obeyorpay */,
			);
		};
/* End PBXProject section */

/* Begin PBXResourcesBuildPhase section */
		B67749F228C4D43200B94B7C /* Resources */ = {
			isa = PBXResourcesBuildPhase;
			buildActionMask = 2147483647;
			files = (
				B67749FF28C4D43400B94B7C /* Preview Assets.xcassets in Resources */,
				B67749FC28C4D43400B94B7C /* Assets.xcassets in Resources */,
			);
			runOnlyForDeploymentPostprocessing = 0;
		};
/* End PBXResourcesBuildPhase section */

/* Begin PBXSourcesBuildPhase section */
		B67749F028C4D43200B94B7C /* Sources */ = {
			isa = PBXSourcesBuildPhase;
			buildActionMask = 2147483647;
			files = (
				B6774A0F28C4DECF00B94B7C /* TasksTypeView.swift in Sources */,
				B6D0BD2F28C6D1E700B0946D /* CKDataAccountModel.swift in Sources */,
				B6D0BD1E28C6AE1300B0946D /* UserModel.swift in Sources */,
				B6774A1328C4E46900B94B7C /* MainView.swift in Sources */,
				B6D0BD2A28C6C50300B0946D /* CKDataModel.swift in Sources */,
				B6774A0B28C4DB4800B94B7C /* AppTabView.swift in Sources */,
				B6D0BD2628C6C09E00B0946D /* SignedInUserModel.swift in Sources */,
				B6774A1D28C4EC9200B94B7C /* TaskModel.swift in Sources */,
				B6774A1528C4E89800B94B7C /* TaskTypes.swift in Sources */,
				B6774A0D28C4DBBB00B94B7C /* TasksView.swift in Sources */,
				B6D0BD3B28C79C3500B0946D /* SettingsEditingView.swift in Sources */,
				B6D0BD3928C7943F00B0946D /* UsernameSettingsModel.swift in Sources */,
				B6774A0428C4D43400B94B7C /* obeyorpay.xcdatamodeld in Sources */,
				B6774A2428C5141A00B94B7C /* TaskEditingView.swift in Sources */,
				B6774A2A28C5183D00B94B7C /* PopupView.swift in Sources */,
				B6D0BD3128C6D29B00B0946D /* CKDataUserModel.swift in Sources */,
				B6774A4328C5468200B94B7C /* SignInView.swift in Sources */,
				B6D0BD2428C6B91800B0946D /* PaymentModel.swift in Sources */,
				B6D0BD2228C6B7FB00B0946D /* EvaluationModel.swift in Sources */,
				B6774A0128C4D43400B94B7C /* Persistence.swift in Sources */,
				B67749FA28C4D43200B94B7C /* ContentView.swift in Sources */,
				B6774A1728C4EBCF00B94B7C /* TaskView.swift in Sources */,
				B6D0BD3728C7931500B0946D /* globals.swift in Sources */,
				B67749F828C4D43200B94B7C /* obeyorpayApp.swift in Sources */,
				B6774A1928C4EBDE00B94B7C /* TasksListView.swift in Sources */,
				B6774A4928C54D5200B94B7C /* AccountModel.swift in Sources */,
				B6D0BD2028C6B54900B0946D /* EntryModel.swift in Sources */,
				B6D0BD3528C7036400B0946D /* SignInAppleModel.swift in Sources */,
				B6774A1B28C4EC4300B94B7C /* TasksDataModel.swift in Sources */,
				B6774A4B28C61A1D00B94B7C /* SettingsView.swift in Sources */,
				B6D0BD3E28C7E3AE00B0946D /* AddTaskView.swift in Sources */,
			);
			runOnlyForDeploymentPostprocessing = 0;
		};
/* End PBXSourcesBuildPhase section */

/* Begin XCBuildConfiguration section */
		B6774A0528C4D43400B94B7C /* Debug */ = {
			isa = XCBuildConfiguration;
			buildSettings = {
				ALWAYS_SEARCH_USER_PATHS = NO;
				CLANG_ANALYZER_NONNULL = YES;
				CLANG_ANALYZER_NUMBER_OBJECT_CONVERSION = YES_AGGRESSIVE;
				CLANG_CXX_LANGUAGE_STANDARD = "gnu++17";
				CLANG_ENABLE_MODULES = YES;
				CLANG_ENABLE_OBJC_ARC = YES;
				CLANG_ENABLE_OBJC_WEAK = YES;
				CLANG_WARN_BLOCK_CAPTURE_AUTORELEASING = YES;
				CLANG_WARN_BOOL_CONVERSION = YES;
				CLANG_WARN_COMMA = YES;
				CLANG_WARN_CONSTANT_CONVERSION = YES;
				CLANG_WARN_DEPRECATED_OBJC_IMPLEMENTATIONS = YES;
				CLANG_WARN_DIRECT_OBJC_ISA_USAGE = YES_ERROR;
				CLANG_WARN_DOCUMENTATION_COMMENTS = YES;
				CLANG_WARN_EMPTY_BODY = YES;
				CLANG_WARN_ENUM_CONVERSION = YES;
				CLANG_WARN_INFINITE_RECURSION = YES;
				CLANG_WARN_INT_CONVERSION = YES;
				CLANG_WARN_NON_LITERAL_NULL_CONVERSION = YES;
				CLANG_WARN_OBJC_IMPLICIT_RETAIN_SELF = YES;
				CLANG_WARN_OBJC_LITERAL_CONVERSION = YES;
				CLANG_WARN_OBJC_ROOT_CLASS = YES_ERROR;
				CLANG_WARN_QUOTED_INCLUDE_IN_FRAMEWORK_HEADER = YES;
				CLANG_WARN_RANGE_LOOP_ANALYSIS = YES;
				CLANG_WARN_STRICT_PROTOTYPES = YES;
				CLANG_WARN_SUSPICIOUS_MOVE = YES;
				CLANG_WARN_UNGUARDED_AVAILABILITY = YES_AGGRESSIVE;
				CLANG_WARN_UNREACHABLE_CODE = YES;
				CLANG_WARN__DUPLICATE_METHOD_MATCH = YES;
				COPY_PHASE_STRIP = NO;
				DEBUG_INFORMATION_FORMAT = dwarf;
				ENABLE_STRICT_OBJC_MSGSEND = YES;
				ENABLE_TESTABILITY = YES;
				GCC_C_LANGUAGE_STANDARD = gnu11;
				GCC_DYNAMIC_NO_PIC = NO;
				GCC_NO_COMMON_BLOCKS = YES;
				GCC_OPTIMIZATION_LEVEL = 0;
				GCC_PREPROCESSOR_DEFINITIONS = (
					"DEBUG=1",
					"$(inherited)",
				);
				GCC_WARN_64_TO_32_BIT_CONVERSION = YES;
				GCC_WARN_ABOUT_RETURN_TYPE = YES_ERROR;
				GCC_WARN_UNDECLARED_SELECTOR = YES;
				GCC_WARN_UNINITIALIZED_AUTOS = YES_AGGRESSIVE;
				GCC_WARN_UNUSED_FUNCTION = YES;
				GCC_WARN_UNUSED_VARIABLE = YES;
				IPHONEOS_DEPLOYMENT_TARGET = 15.5;
				MTL_ENABLE_DEBUG_INFO = INCLUDE_SOURCE;
				MTL_FAST_MATH = YES;
				ONLY_ACTIVE_ARCH = YES;
				SDKROOT = iphoneos;
				SWIFT_ACTIVE_COMPILATION_CONDITIONS = DEBUG;
				SWIFT_OPTIMIZATION_LEVEL = "-Onone";
			};
			name = Debug;
		};
		B6774A0628C4D43400B94B7C /* Release */ = {
			isa = XCBuildConfiguration;
			buildSettings = {
				ALWAYS_SEARCH_USER_PATHS = NO;
				CLANG_ANALYZER_NONNULL = YES;
				CLANG_ANALYZER_NUMBER_OBJECT_CONVERSION = YES_AGGRESSIVE;
				CLANG_CXX_LANGUAGE_STANDARD = "gnu++17";
				CLANG_ENABLE_MODULES = YES;
				CLANG_ENABLE_OBJC_ARC = YES;
				CLANG_ENABLE_OBJC_WEAK = YES;
				CLANG_WARN_BLOCK_CAPTURE_AUTORELEASING = YES;
				CLANG_WARN_BOOL_CONVERSION = YES;
				CLANG_WARN_COMMA = YES;
				CLANG_WARN_CONSTANT_CONVERSION = YES;
				CLANG_WARN_DEPRECATED_OBJC_IMPLEMENTATIONS = YES;
				CLANG_WARN_DIRECT_OBJC_ISA_USAGE = YES_ERROR;
				CLANG_WARN_DOCUMENTATION_COMMENTS = YES;
				CLANG_WARN_EMPTY_BODY = YES;
				CLANG_WARN_ENUM_CONVERSION = YES;
				CLANG_WARN_INFINITE_RECURSION = YES;
				CLANG_WARN_INT_CONVERSION = YES;
				CLANG_WARN_NON_LITERAL_NULL_CONVERSION = YES;
				CLANG_WARN_OBJC_IMPLICIT_RETAIN_SELF = YES;
				CLANG_WARN_OBJC_LITERAL_CONVERSION = YES;
				CLANG_WARN_OBJC_ROOT_CLASS = YES_ERROR;
				CLANG_WARN_QUOTED_INCLUDE_IN_FRAMEWORK_HEADER = YES;
				CLANG_WARN_RANGE_LOOP_ANALYSIS = YES;
				CLANG_WARN_STRICT_PROTOTYPES = YES;
				CLANG_WARN_SUSPICIOUS_MOVE = YES;
				CLANG_WARN_UNGUARDED_AVAILABILITY = YES_AGGRESSIVE;
				CLANG_WARN_UNREACHABLE_CODE = YES;
				CLANG_WARN__DUPLICATE_METHOD_MATCH = YES;
				COPY_PHASE_STRIP = NO;
				DEBUG_INFORMATION_FORMAT = "dwarf-with-dsym";
				ENABLE_NS_ASSERTIONS = NO;
				ENABLE_STRICT_OBJC_MSGSEND = YES;
				GCC_C_LANGUAGE_STANDARD = gnu11;
				GCC_NO_COMMON_BLOCKS = YES;
				GCC_WARN_64_TO_32_BIT_CONVERSION = YES;
				GCC_WARN_ABOUT_RETURN_TYPE = YES_ERROR;
				GCC_WARN_UNDECLARED_SELECTOR = YES;
				GCC_WARN_UNINITIALIZED_AUTOS = YES_AGGRESSIVE;
				GCC_WARN_UNUSED_FUNCTION = YES;
				GCC_WARN_UNUSED_VARIABLE = YES;
				IPHONEOS_DEPLOYMENT_TARGET = 15.5;
				MTL_ENABLE_DEBUG_INFO = NO;
				MTL_FAST_MATH = YES;
				SDKROOT = iphoneos;
				SWIFT_COMPILATION_MODE = wholemodule;
				SWIFT_OPTIMIZATION_LEVEL = "-O";
				VALIDATE_PRODUCT = YES;
			};
			name = Release;
		};
		B6774A0828C4D43400B94B7C /* Debug */ = {
			isa = XCBuildConfiguration;
			buildSettings = {
				ASSETCATALOG_COMPILER_APPICON_NAME = AppIcon;
				ASSETCATALOG_COMPILER_GLOBAL_ACCENT_COLOR_NAME = AccentColor;
				CODE_SIGN_ENTITLEMENTS = obeyorpay/obeyorpay.entitlements;
				CODE_SIGN_IDENTITY = "Apple Development";
				CODE_SIGN_STYLE = Automatic;
				CURRENT_PROJECT_VERSION = 1;
				DEVELOPMENT_ASSET_PATHS = "\"obeyorpay/Preview Content\"";
				DEVELOPMENT_TEAM = KWRUV8J5SB;
				ENABLE_PREVIEWS = YES;
				GENERATE_INFOPLIST_FILE = YES;
				INFOPLIST_KEY_UIApplicationSceneManifest_Generation = YES;
				INFOPLIST_KEY_UIApplicationSupportsIndirectInputEvents = YES;
				INFOPLIST_KEY_UILaunchScreen_Generation = YES;
				INFOPLIST_KEY_UISupportedInterfaceOrientations = UIInterfaceOrientationPortrait;
				INFOPLIST_KEY_UISupportedInterfaceOrientations_iPad = "UIInterfaceOrientationPortrait UIInterfaceOrientationPortraitUpsideDown UIInterfaceOrientationLandscapeLeft UIInterfaceOrientationLandscapeRight";
				INFOPLIST_KEY_UISupportedInterfaceOrientations_iPhone = "UIInterfaceOrientationPortrait UIInterfaceOrientationLandscapeLeft UIInterfaceOrientationLandscapeRight";
				LD_RUNPATH_SEARCH_PATHS = (
					"$(inherited)",
					"@executable_path/Frameworks",
				);
				MARKETING_VERSION = 1.0;
				PRODUCT_BUNDLE_IDENTIFIER = com.mariia.obeyorpay;
				PRODUCT_NAME = "$(TARGET_NAME)";
				PROVISIONING_PROFILE_SPECIFIER = "";
				SWIFT_EMIT_LOC_STRINGS = YES;
				SWIFT_VERSION = 5.0;
				TARGETED_DEVICE_FAMILY = "1,2";
			};
			name = Debug;
		};
		B6774A0928C4D43400B94B7C /* Release */ = {
			isa = XCBuildConfiguration;
			buildSettings = {
				ASSETCATALOG_COMPILER_APPICON_NAME = AppIcon;
				ASSETCATALOG_COMPILER_GLOBAL_ACCENT_COLOR_NAME = AccentColor;
				CODE_SIGN_ENTITLEMENTS = obeyorpay/obeyorpay.entitlements;
				CODE_SIGN_IDENTITY = "Apple Development";
				CODE_SIGN_STYLE = Automatic;
				CURRENT_PROJECT_VERSION = 1;
				DEVELOPMENT_ASSET_PATHS = "\"obeyorpay/Preview Content\"";
				DEVELOPMENT_TEAM = KWRUV8J5SB;
				ENABLE_PREVIEWS = YES;
				GENERATE_INFOPLIST_FILE = YES;
				INFOPLIST_KEY_UIApplicationSceneManifest_Generation = YES;
				INFOPLIST_KEY_UIApplicationSupportsIndirectInputEvents = YES;
				INFOPLIST_KEY_UILaunchScreen_Generation = YES;
				INFOPLIST_KEY_UISupportedInterfaceOrientations = UIInterfaceOrientationPortrait;
				INFOPLIST_KEY_UISupportedInterfaceOrientations_iPad = "UIInterfaceOrientationPortrait UIInterfaceOrientationPortraitUpsideDown UIInterfaceOrientationLandscapeLeft UIInterfaceOrientationLandscapeRight";
				INFOPLIST_KEY_UISupportedInterfaceOrientations_iPhone = "UIInterfaceOrientationPortrait UIInterfaceOrientationLandscapeLeft UIInterfaceOrientationLandscapeRight";
				LD_RUNPATH_SEARCH_PATHS = (
					"$(inherited)",
					"@executable_path/Frameworks",
				);
				MARKETING_VERSION = 1.0;
				PRODUCT_BUNDLE_IDENTIFIER = com.mariia.obeyorpay;
				PRODUCT_NAME = "$(TARGET_NAME)";
				PROVISIONING_PROFILE_SPECIFIER = "";
				SWIFT_EMIT_LOC_STRINGS = YES;
				SWIFT_VERSION = 5.0;
				TARGETED_DEVICE_FAMILY = "1,2";
			};
			name = Release;
		};
/* End XCBuildConfiguration section */

/* Begin XCConfigurationList section */
		B67749EF28C4D43200B94B7C /* Build configuration list for PBXProject "obeyorpay" */ = {
			isa = XCConfigurationList;
			buildConfigurations = (
				B6774A0528C4D43400B94B7C /* Debug */,
				B6774A0628C4D43400B94B7C /* Release */,
			);
			defaultConfigurationIsVisible = 0;
			defaultConfigurationName = Release;
		};
		B6774A0728C4D43400B94B7C /* Build configuration list for PBXNativeTarget "obeyorpay" */ = {
			isa = XCConfigurationList;
			buildConfigurations = (
				B6774A0828C4D43400B94B7C /* Debug */,
				B6774A0928C4D43400B94B7C /* Release */,
			);
			defaultConfigurationIsVisible = 0;
			defaultConfigurationName = Release;
		};
/* End XCConfigurationList section */

/* Begin XCVersionGroup section */
		B6774A0228C4D43400B94B7C /* obeyorpay.xcdatamodeld */ = {
			isa = XCVersionGroup;
			children = (
				B6774A0328C4D43400B94B7C /* obeyorpay.xcdatamodel */,
			);
			currentVersion = B6774A0328C4D43400B94B7C /* obeyorpay.xcdatamodel */;
			path = obeyorpay.xcdatamodeld;
			sourceTree = "<group>";
			versionGroupType = wrapper.xcdatamodel;
		};
/* End XCVersionGroup section */
	};
	rootObject = B67749EC28C4D43200B94B7C /* Project object */;
}
